// !$*UTF8*$!
{
	archiveVersion = 1;
	classes = {
	};
	objectVersion = 56;
	objects = {

/* Begin PBXBuildFile section */
		9017AC8F29CCBD9B00A567ED /* HomeViewModel.swift in Sources */ = {isa = PBXBuildFile; fileRef = 9017AC8E29CCBD9B00A567ED /* HomeViewModel.swift */; };
		906D393F29C6574B00065D71 /* Montserrat-Medium.ttf in Resources */ = {isa = PBXBuildFile; fileRef = 906D392929C6574B00065D71 /* Montserrat-Medium.ttf */; };
		906D394129C6574B00065D71 /* Montserrat-Light.ttf in Resources */ = {isa = PBXBuildFile; fileRef = 906D392B29C6574B00065D71 /* Montserrat-Light.ttf */; };
		906D394429C6574B00065D71 /* Montserrat-Thin.ttf in Resources */ = {isa = PBXBuildFile; fileRef = 906D392E29C6574B00065D71 /* Montserrat-Thin.ttf */; };
		906D394529C6574B00065D71 /* Montserrat-Bold.ttf in Resources */ = {isa = PBXBuildFile; fileRef = 906D392F29C6574B00065D71 /* Montserrat-Bold.ttf */; };
		906D394C29C6574B00065D71 /* Montserrat-Regular.ttf in Resources */ = {isa = PBXBuildFile; fileRef = 906D393629C6574B00065D71 /* Montserrat-Regular.ttf */; };
		9072B90929C22404001B3DF0 /* AppDelegate.swift in Sources */ = {isa = PBXBuildFile; fileRef = 9072B90829C22404001B3DF0 /* AppDelegate.swift */; };
		9072B90D29C22404001B3DF0 /* SignInViewController.swift in Sources */ = {isa = PBXBuildFile; fileRef = 9072B90C29C22404001B3DF0 /* SignInViewController.swift */; };
		9072B91229C22405001B3DF0 /* Assets.xcassets in Resources */ = {isa = PBXBuildFile; fileRef = 9072B91129C22405001B3DF0 /* Assets.xcassets */; };
		9072B91529C22405001B3DF0 /* LaunchScreen.storyboard in Resources */ = {isa = PBXBuildFile; fileRef = 9072B91329C22405001B3DF0 /* LaunchScreen.storyboard */; };
		9072B91E29C22BA1001B3DF0 /* LoginViewController.swift in Sources */ = {isa = PBXBuildFile; fileRef = 9072B91D29C22BA1001B3DF0 /* LoginViewController.swift */; };
		9072B92329C22D2E001B3DF0 /* AppCoordinator.swift in Sources */ = {isa = PBXBuildFile; fileRef = 9072B92229C22D2E001B3DF0 /* AppCoordinator.swift */; };
		9072B92529C22D39001B3DF0 /* Coordinator.swift in Sources */ = {isa = PBXBuildFile; fileRef = 9072B92429C22D39001B3DF0 /* Coordinator.swift */; };
		90833C1929CB42C9004D8485 /* LatestCell.swift in Sources */ = {isa = PBXBuildFile; fileRef = 90833C1829CB42C9004D8485 /* LatestCell.swift */; };
		90833C1B29CB671D004D8485 /* FlashSaleCell.swift in Sources */ = {isa = PBXBuildFile; fileRef = 90833C1A29CB671D004D8485 /* FlashSaleCell.swift */; };
		90833C1D29CB83F7004D8485 /* SectionHeader.swift in Sources */ = {isa = PBXBuildFile; fileRef = 90833C1C29CB83F7004D8485 /* SectionHeader.swift */; };
		908808FD29C232570061EF2E /* TabBarViewController.swift in Sources */ = {isa = PBXBuildFile; fileRef = 908808FC29C232570061EF2E /* TabBarViewController.swift */; };
		9088090029C233BE0061EF2E /* CoreDataStore.swift in Sources */ = {isa = PBXBuildFile; fileRef = 908808FF29C233BE0061EF2E /* CoreDataStore.swift */; };
		9088090329C233D40061EF2E /* Model.xcdatamodeld in Sources */ = {isa = PBXBuildFile; fileRef = 9088090129C233D40061EF2E /* Model.xcdatamodeld */; };
		9088090A29C234970061EF2E /* User+CoreDataClass.swift in Sources */ = {isa = PBXBuildFile; fileRef = 9088090829C234970061EF2E /* User+CoreDataClass.swift */; };
		9088090B29C234970061EF2E /* User+CoreDataProperties.swift in Sources */ = {isa = PBXBuildFile; fileRef = 9088090929C234970061EF2E /* User+CoreDataProperties.swift */; };
		9088090D29C250A20061EF2E /* SignInViewModel.swift in Sources */ = {isa = PBXBuildFile; fileRef = 9088090C29C250A20061EF2E /* SignInViewModel.swift */; };
		9088091329C27EDB0061EF2E /* LoginViewModel.swift in Sources */ = {isa = PBXBuildFile; fileRef = 9088091229C27EDB0061EF2E /* LoginViewModel.swift */; };
		9088094729C3A34C0061EF2E /* HomeViewController.swift in Sources */ = {isa = PBXBuildFile; fileRef = 9088094629C3A34C0061EF2E /* HomeViewController.swift */; };
		9088095629C61D6A0061EF2E /* NetworkService.swift in Sources */ = {isa = PBXBuildFile; fileRef = 9088095529C61D6A0061EF2E /* NetworkService.swift */; };
		9088095B29C62C250061EF2E /* Models.swift in Sources */ = {isa = PBXBuildFile; fileRef = 9088095A29C62C250061EF2E /* Models.swift */; };
		9088096129C642BE0061EF2E /* Dynamic.swift in Sources */ = {isa = PBXBuildFile; fileRef = 9088096029C642BE0061EF2E /* Dynamic.swift */; };
		9088096429C64E900061EF2E /* SnapKit in Frameworks */ = {isa = PBXBuildFile; productRef = 9088096329C64E900061EF2E /* SnapKit */; };
		90B0A1FF29CE2FA80020604A /* Kingfisher in Frameworks */ = {isa = PBXBuildFile; productRef = 90B0A1FE29CE2FA80020604A /* Kingfisher */; };
		90B0A20129CF6EE90020604A /* ProfileViewCotroller.swift in Sources */ = {isa = PBXBuildFile; fileRef = 90B0A20029CF6EE90020604A /* ProfileViewCotroller.swift */; };
		90B0A20329CF6F810020604A /* ProfileViewModel.swift in Sources */ = {isa = PBXBuildFile; fileRef = 90B0A20229CF6F810020604A /* ProfileViewModel.swift */; };
		90B0A20729CF76610020604A /* ProfileTableManager.swift in Sources */ = {isa = PBXBuildFile; fileRef = 90B0A20629CF76610020604A /* ProfileTableManager.swift */; };
		90B0A20929CF76A00020604A /* ProfileAssembly.swift in Sources */ = {isa = PBXBuildFile; fileRef = 90B0A20829CF76A00020604A /* ProfileAssembly.swift */; };
		90B0A20C29D061E70020604A /* CellModels.swift in Sources */ = {isa = PBXBuildFile; fileRef = 90B0A20B29D061E70020604A /* CellModels.swift */; };
		90B0A20F29D068990020604A /* LabelCell.swift in Sources */ = {isa = PBXBuildFile; fileRef = 90B0A20E29D068990020604A /* LabelCell.swift */; };
		90B0A21129D06E980020604A /* ButtonCell.swift in Sources */ = {isa = PBXBuildFile; fileRef = 90B0A21029D06E980020604A /* ButtonCell.swift */; };
		90B0A21329D07C9E0020604A /* ArrowRightCell.swift in Sources */ = {isa = PBXBuildFile; fileRef = 90B0A21229D07C9E0020604A /* ArrowRightCell.swift */; };
		90B0A21529D08A510020604A /* WithoutArrowRightCell.swift in Sources */ = {isa = PBXBuildFile; fileRef = 90B0A21429D08A510020604A /* WithoutArrowRightCell.swift */; };
		90B0A21729D094A50020604A /* AvatarCell.swift in Sources */ = {isa = PBXBuildFile; fileRef = 90B0A21629D094A50020604A /* AvatarCell.swift */; };
		90E3E7FF29C8A46400D4D969 /* CustomTextField.swift in Sources */ = {isa = PBXBuildFile; fileRef = 90E3E7FE29C8A46400D4D969 /* CustomTextField.swift */; };
		90E3E80429C8FDAD00D4D969 /* UIColor + Extension.swift in Sources */ = {isa = PBXBuildFile; fileRef = 90E3E80329C8FDAD00D4D969 /* UIColor + Extension.swift */; };
/* End PBXBuildFile section */

/* Begin PBXFileReference section */
		9017AC8E29CCBD9B00A567ED /* HomeViewModel.swift */ = {isa = PBXFileReference; lastKnownFileType = sourcecode.swift; path = HomeViewModel.swift; sourceTree = "<group>"; };
		906D392929C6574B00065D71 /* Montserrat-Medium.ttf */ = {isa = PBXFileReference; lastKnownFileType = file; path = "Montserrat-Medium.ttf"; sourceTree = "<group>"; };
		906D392B29C6574B00065D71 /* Montserrat-Light.ttf */ = {isa = PBXFileReference; lastKnownFileType = file; path = "Montserrat-Light.ttf"; sourceTree = "<group>"; };
		906D392E29C6574B00065D71 /* Montserrat-Thin.ttf */ = {isa = PBXFileReference; lastKnownFileType = file; path = "Montserrat-Thin.ttf"; sourceTree = "<group>"; };
		906D392F29C6574B00065D71 /* Montserrat-Bold.ttf */ = {isa = PBXFileReference; lastKnownFileType = file; path = "Montserrat-Bold.ttf"; sourceTree = "<group>"; };
		906D393629C6574B00065D71 /* Montserrat-Regular.ttf */ = {isa = PBXFileReference; lastKnownFileType = file; path = "Montserrat-Regular.ttf"; sourceTree = "<group>"; };
		9072B90529C22404001B3DF0 /* EM_TZ.app */ = {isa = PBXFileReference; explicitFileType = wrapper.application; includeInIndex = 0; path = EM_TZ.app; sourceTree = BUILT_PRODUCTS_DIR; };
		9072B90829C22404001B3DF0 /* AppDelegate.swift */ = {isa = PBXFileReference; lastKnownFileType = sourcecode.swift; path = AppDelegate.swift; sourceTree = "<group>"; };
		9072B90C29C22404001B3DF0 /* SignInViewController.swift */ = {isa = PBXFileReference; lastKnownFileType = sourcecode.swift; path = SignInViewController.swift; sourceTree = "<group>"; };
		9072B91129C22405001B3DF0 /* Assets.xcassets */ = {isa = PBXFileReference; lastKnownFileType = folder.assetcatalog; path = Assets.xcassets; sourceTree = "<group>"; };
		9072B91429C22405001B3DF0 /* Base */ = {isa = PBXFileReference; lastKnownFileType = file.storyboard; name = Base; path = Base.lproj/LaunchScreen.storyboard; sourceTree = "<group>"; };
		9072B91629C22405001B3DF0 /* Info.plist */ = {isa = PBXFileReference; lastKnownFileType = text.plist.xml; path = Info.plist; sourceTree = "<group>"; };
		9072B91D29C22BA1001B3DF0 /* LoginViewController.swift */ = {isa = PBXFileReference; lastKnownFileType = sourcecode.swift; path = LoginViewController.swift; sourceTree = "<group>"; };
		9072B92229C22D2E001B3DF0 /* AppCoordinator.swift */ = {isa = PBXFileReference; lastKnownFileType = sourcecode.swift; path = AppCoordinator.swift; sourceTree = "<group>"; };
		9072B92429C22D39001B3DF0 /* Coordinator.swift */ = {isa = PBXFileReference; lastKnownFileType = sourcecode.swift; path = Coordinator.swift; sourceTree = "<group>"; };
		90833C1829CB42C9004D8485 /* LatestCell.swift */ = {isa = PBXFileReference; lastKnownFileType = sourcecode.swift; path = LatestCell.swift; sourceTree = "<group>"; };
		90833C1A29CB671D004D8485 /* FlashSaleCell.swift */ = {isa = PBXFileReference; lastKnownFileType = sourcecode.swift; path = FlashSaleCell.swift; sourceTree = "<group>"; };
		90833C1C29CB83F7004D8485 /* SectionHeader.swift */ = {isa = PBXFileReference; lastKnownFileType = sourcecode.swift; path = SectionHeader.swift; sourceTree = "<group>"; };
		908808FC29C232570061EF2E /* TabBarViewController.swift */ = {isa = PBXFileReference; lastKnownFileType = sourcecode.swift; path = TabBarViewController.swift; sourceTree = "<group>"; };
		908808FF29C233BE0061EF2E /* CoreDataStore.swift */ = {isa = PBXFileReference; lastKnownFileType = sourcecode.swift; path = CoreDataStore.swift; sourceTree = "<group>"; };
		9088090229C233D40061EF2E /* Model.xcdatamodel */ = {isa = PBXFileReference; lastKnownFileType = wrapper.xcdatamodel; path = Model.xcdatamodel; sourceTree = "<group>"; };
		9088090829C234970061EF2E /* User+CoreDataClass.swift */ = {isa = PBXFileReference; lastKnownFileType = sourcecode.swift; path = "User+CoreDataClass.swift"; sourceTree = "<group>"; };
		9088090929C234970061EF2E /* User+CoreDataProperties.swift */ = {isa = PBXFileReference; lastKnownFileType = sourcecode.swift; path = "User+CoreDataProperties.swift"; sourceTree = "<group>"; };
		9088090C29C250A20061EF2E /* SignInViewModel.swift */ = {isa = PBXFileReference; lastKnownFileType = sourcecode.swift; path = SignInViewModel.swift; sourceTree = "<group>"; };
		9088091229C27EDB0061EF2E /* LoginViewModel.swift */ = {isa = PBXFileReference; lastKnownFileType = sourcecode.swift; path = LoginViewModel.swift; sourceTree = "<group>"; };
		9088094629C3A34C0061EF2E /* HomeViewController.swift */ = {isa = PBXFileReference; lastKnownFileType = sourcecode.swift; path = HomeViewController.swift; sourceTree = "<group>"; };
		9088095529C61D6A0061EF2E /* NetworkService.swift */ = {isa = PBXFileReference; lastKnownFileType = sourcecode.swift; path = NetworkService.swift; sourceTree = "<group>"; };
		9088095A29C62C250061EF2E /* Models.swift */ = {isa = PBXFileReference; lastKnownFileType = sourcecode.swift; path = Models.swift; sourceTree = "<group>"; };
		9088096029C642BE0061EF2E /* Dynamic.swift */ = {isa = PBXFileReference; lastKnownFileType = sourcecode.swift; path = Dynamic.swift; sourceTree = "<group>"; };
		90B0A20029CF6EE90020604A /* ProfileViewCotroller.swift */ = {isa = PBXFileReference; lastKnownFileType = sourcecode.swift; path = ProfileViewCotroller.swift; sourceTree = "<group>"; };
		90B0A20229CF6F810020604A /* ProfileViewModel.swift */ = {isa = PBXFileReference; lastKnownFileType = sourcecode.swift; path = ProfileViewModel.swift; sourceTree = "<group>"; };
		90B0A20629CF76610020604A /* ProfileTableManager.swift */ = {isa = PBXFileReference; lastKnownFileType = sourcecode.swift; path = ProfileTableManager.swift; sourceTree = "<group>"; };
		90B0A20829CF76A00020604A /* ProfileAssembly.swift */ = {isa = PBXFileReference; lastKnownFileType = sourcecode.swift; path = ProfileAssembly.swift; sourceTree = "<group>"; };
		90B0A20B29D061E70020604A /* CellModels.swift */ = {isa = PBXFileReference; lastKnownFileType = sourcecode.swift; path = CellModels.swift; sourceTree = "<group>"; };
		90B0A20E29D068990020604A /* LabelCell.swift */ = {isa = PBXFileReference; lastKnownFileType = sourcecode.swift; path = LabelCell.swift; sourceTree = "<group>"; };
		90B0A21029D06E980020604A /* ButtonCell.swift */ = {isa = PBXFileReference; lastKnownFileType = sourcecode.swift; path = ButtonCell.swift; sourceTree = "<group>"; };
		90B0A21229D07C9E0020604A /* ArrowRightCell.swift */ = {isa = PBXFileReference; lastKnownFileType = sourcecode.swift; path = ArrowRightCell.swift; sourceTree = "<group>"; };
		90B0A21429D08A510020604A /* WithoutArrowRightCell.swift */ = {isa = PBXFileReference; lastKnownFileType = sourcecode.swift; path = WithoutArrowRightCell.swift; sourceTree = "<group>"; };
		90B0A21629D094A50020604A /* AvatarCell.swift */ = {isa = PBXFileReference; lastKnownFileType = sourcecode.swift; path = AvatarCell.swift; sourceTree = "<group>"; };
		90E3E7FE29C8A46400D4D969 /* CustomTextField.swift */ = {isa = PBXFileReference; lastKnownFileType = sourcecode.swift; path = CustomTextField.swift; sourceTree = "<group>"; };
		90E3E80329C8FDAD00D4D969 /* UIColor + Extension.swift */ = {isa = PBXFileReference; lastKnownFileType = sourcecode.swift; path = "UIColor + Extension.swift"; sourceTree = "<group>"; };
/* End PBXFileReference section */

/* Begin PBXFrameworksBuildPhase section */
		9072B90229C22404001B3DF0 /* Frameworks */ = {
			isa = PBXFrameworksBuildPhase;
			buildActionMask = 2147483647;
			files = (
				90B0A1FF29CE2FA80020604A /* Kingfisher in Frameworks */,
				9088096429C64E900061EF2E /* SnapKit in Frameworks */,
			);
			runOnlyForDeploymentPostprocessing = 0;
		};
/* End PBXFrameworksBuildPhase section */

/* Begin PBXGroup section */
		906D392429C6574B00065D71 /* Montserrat */ = {
			isa = PBXGroup;
			children = (
				906D392929C6574B00065D71 /* Montserrat-Medium.ttf */,
				906D392B29C6574B00065D71 /* Montserrat-Light.ttf */,
				906D392E29C6574B00065D71 /* Montserrat-Thin.ttf */,
				906D392F29C6574B00065D71 /* Montserrat-Bold.ttf */,
				906D393629C6574B00065D71 /* Montserrat-Regular.ttf */,
			);
			name = Montserrat;
			path = ../../../../Downloads/Montserrat;
			sourceTree = "<group>";
		};
		9072B8FC29C22404001B3DF0 = {
			isa = PBXGroup;
			children = (
				9072B90729C22404001B3DF0 /* EM_TZ */,
				9072B90629C22404001B3DF0 /* Products */,
			);
			sourceTree = "<group>";
		};
		9072B90629C22404001B3DF0 /* Products */ = {
			isa = PBXGroup;
			children = (
				9072B90529C22404001B3DF0 /* EM_TZ.app */,
			);
			name = Products;
			sourceTree = "<group>";
		};
		9072B90729C22404001B3DF0 /* EM_TZ */ = {
			isa = PBXGroup;
			children = (
				9072B92029C22D10001B3DF0 /* App */,
				908808FE29C233AC0061EF2E /* CoreDataStore */,
				9088095429C61D580061EF2E /* NerworkService */,
				9088090E29C251340061EF2E /* ViewModels */,
				9072B91F29C22D00001B3DF0 /* Views */,
				90E3E80529C8FE6000D4D969 /* Helpers */,
				9072B91C29C22483001B3DF0 /* Resources */,
			);
			path = EM_TZ;
			sourceTree = "<group>";
		};
		9072B91C29C22483001B3DF0 /* Resources */ = {
			isa = PBXGroup;
			children = (
				906D392429C6574B00065D71 /* Montserrat */,
				9072B91129C22405001B3DF0 /* Assets.xcassets */,
				9072B91329C22405001B3DF0 /* LaunchScreen.storyboard */,
				9072B91629C22405001B3DF0 /* Info.plist */,
			);
			path = Resources;
			sourceTree = "<group>";
		};
		9072B91F29C22D00001B3DF0 /* Views */ = {
			isa = PBXGroup;
			children = (
				9072B90C29C22404001B3DF0 /* SignInViewController.swift */,
				9072B91D29C22BA1001B3DF0 /* LoginViewController.swift */,
				908808FC29C232570061EF2E /* TabBarViewController.swift */,
				9088094829C3A4610061EF2E /* HomeViewController */,
				90B0A20429CF76270020604A /* ProfileViewController */,
			);
			path = Views;
			sourceTree = "<group>";
		};
		9072B92029C22D10001B3DF0 /* App */ = {
			isa = PBXGroup;
			children = (
				9072B90829C22404001B3DF0 /* AppDelegate.swift */,
				9072B92129C22D1C001B3DF0 /* Coordinator */,
			);
			path = App;
			sourceTree = "<group>";
		};
		9072B92129C22D1C001B3DF0 /* Coordinator */ = {
			isa = PBXGroup;
			children = (
				9072B92629C22D3D001B3DF0 /* Protocols */,
				9072B92229C22D2E001B3DF0 /* AppCoordinator.swift */,
			);
			path = Coordinator;
			sourceTree = "<group>";
		};
		9072B92629C22D3D001B3DF0 /* Protocols */ = {
			isa = PBXGroup;
			children = (
				9072B92429C22D39001B3DF0 /* Coordinator.swift */,
			);
			path = Protocols;
			sourceTree = "<group>";
		};
		908808FE29C233AC0061EF2E /* CoreDataStore */ = {
			isa = PBXGroup;
			children = (
				908808FF29C233BE0061EF2E /* CoreDataStore.swift */,
				9088090129C233D40061EF2E /* Model.xcdatamodeld */,
				9088090829C234970061EF2E /* User+CoreDataClass.swift */,
				9088090929C234970061EF2E /* User+CoreDataProperties.swift */,
			);
			path = CoreDataStore;
			sourceTree = "<group>";
		};
		9088090E29C251340061EF2E /* ViewModels */ = {
			isa = PBXGroup;
			children = (
				90E3E7FD29C89A1300D4D969 /* Bindings */,
				9088090C29C250A20061EF2E /* SignInViewModel.swift */,
				9088091229C27EDB0061EF2E /* LoginViewModel.swift */,
				9017AC8E29CCBD9B00A567ED /* HomeViewModel.swift */,
				90B0A20229CF6F810020604A /* ProfileViewModel.swift */,
			);
			path = ViewModels;
			sourceTree = "<group>";
		};
		9088094829C3A4610061EF2E /* HomeViewController */ = {
			isa = PBXGroup;
			children = (
				9088094629C3A34C0061EF2E /* HomeViewController.swift */,
				90833C1829CB42C9004D8485 /* LatestCell.swift */,
				90833C1A29CB671D004D8485 /* FlashSaleCell.swift */,
				90833C1C29CB83F7004D8485 /* SectionHeader.swift */,
			);
			path = HomeViewController;
			sourceTree = "<group>";
		};
		9088095429C61D580061EF2E /* NerworkService */ = {
			isa = PBXGroup;
			children = (
				9088095529C61D6A0061EF2E /* NetworkService.swift */,
				9088095A29C62C250061EF2E /* Models.swift */,
			);
			path = NerworkService;
			sourceTree = "<group>";
		};
		90B0A20429CF76270020604A /* ProfileViewController */ = {
			isa = PBXGroup;
			children = (
				90B0A20829CF76A00020604A /* ProfileAssembly.swift */,
				90B0A20029CF6EE90020604A /* ProfileViewCotroller.swift */,
				90B0A20529CF76450020604A /* TableManager */,
			);
			path = ProfileViewController;
			sourceTree = "<group>";
		};
		90B0A20529CF76450020604A /* TableManager */ = {
			isa = PBXGroup;
			children = (
				90B0A20629CF76610020604A /* ProfileTableManager.swift */,
				90B0A20D29D068790020604A /* CellViews */,
				90B0A20A29D061D30020604A /* CellModels */,
			);
			path = TableManager;
			sourceTree = "<group>";
		};
		90B0A20A29D061D30020604A /* CellModels */ = {
			isa = PBXGroup;
			children = (
				90B0A20B29D061E70020604A /* CellModels.swift */,
			);
			path = CellModels;
			sourceTree = "<group>";
		};
		90B0A20D29D068790020604A /* CellViews */ = {
			isa = PBXGroup;
			children = (
				90B0A21629D094A50020604A /* AvatarCell.swift */,
				90B0A20E29D068990020604A /* LabelCell.swift */,
				90B0A21029D06E980020604A /* ButtonCell.swift */,
				90B0A21229D07C9E0020604A /* ArrowRightCell.swift */,
				90B0A21429D08A510020604A /* WithoutArrowRightCell.swift */,
			);
			name = CellViews;
			path = ../CellViews;
			sourceTree = "<group>";
		};
		90E3E7FD29C89A1300D4D969 /* Bindings */ = {
			isa = PBXGroup;
			children = (
				9088096029C642BE0061EF2E /* Dynamic.swift */,
			);
			path = Bindings;
			sourceTree = "<group>";
		};
		90E3E80529C8FE6000D4D969 /* Helpers */ = {
			isa = PBXGroup;
			children = (
				90E3E80329C8FDAD00D4D969 /* UIColor + Extension.swift */,
				90E3E7FE29C8A46400D4D969 /* CustomTextField.swift */,
			);
			path = Helpers;
			sourceTree = "<group>";
		};
/* End PBXGroup section */

/* Begin PBXNativeTarget section */
		9072B90429C22404001B3DF0 /* EM_TZ */ = {
			isa = PBXNativeTarget;
			buildConfigurationList = 9072B91929C22405001B3DF0 /* Build configuration list for PBXNativeTarget "EM_TZ" */;
			buildPhases = (
				9072B90129C22404001B3DF0 /* Sources */,
				9072B90229C22404001B3DF0 /* Frameworks */,
				9072B90329C22404001B3DF0 /* Resources */,
			);
			buildRules = (
			);
			dependencies = (
			);
			name = EM_TZ;
			packageProductDependencies = (
				9088096329C64E900061EF2E /* SnapKit */,
				90B0A1FE29CE2FA80020604A /* Kingfisher */,
			);
			productName = EM_TZ;
			productReference = 9072B90529C22404001B3DF0 /* EM_TZ.app */;
			productType = "com.apple.product-type.application";
		};
/* End PBXNativeTarget section */

/* Begin PBXProject section */
		9072B8FD29C22404001B3DF0 /* Project object */ = {
			isa = PBXProject;
			attributes = {
				BuildIndependentTargetsInParallel = 1;
				LastSwiftUpdateCheck = 1420;
				LastUpgradeCheck = 1420;
				TargetAttributes = {
					9072B90429C22404001B3DF0 = {
						CreatedOnToolsVersion = 14.2;
					};
				};
			};
			buildConfigurationList = 9072B90029C22404001B3DF0 /* Build configuration list for PBXProject "EM_TZ" */;
			compatibilityVersion = "Xcode 14.0";
			developmentRegion = en;
			hasScannedForEncodings = 0;
			knownRegions = (
				en,
				Base,
			);
			mainGroup = 9072B8FC29C22404001B3DF0;
			packageReferences = (
				9088096229C64E900061EF2E /* XCRemoteSwiftPackageReference "SnapKit" */,
				90B0A1FD29CE2FA80020604A /* XCRemoteSwiftPackageReference "Kingfisher" */,
			);
			productRefGroup = 9072B90629C22404001B3DF0 /* Products */;
			projectDirPath = "";
			projectRoot = "";
			targets = (
				9072B90429C22404001B3DF0 /* EM_TZ */,
			);
		};
/* End PBXProject section */

/* Begin PBXResourcesBuildPhase section */
		9072B90329C22404001B3DF0 /* Resources */ = {
			isa = PBXResourcesBuildPhase;
			buildActionMask = 2147483647;
			files = (
				9072B91529C22405001B3DF0 /* LaunchScreen.storyboard in Resources */,
				906D394C29C6574B00065D71 /* Montserrat-Regular.ttf in Resources */,
				906D394129C6574B00065D71 /* Montserrat-Light.ttf in Resources */,
				906D394429C6574B00065D71 /* Montserrat-Thin.ttf in Resources */,
				906D394529C6574B00065D71 /* Montserrat-Bold.ttf in Resources */,
				906D393F29C6574B00065D71 /* Montserrat-Medium.ttf in Resources */,
				9072B91229C22405001B3DF0 /* Assets.xcassets in Resources */,
			);
			runOnlyForDeploymentPostprocessing = 0;
		};
/* End PBXResourcesBuildPhase section */

/* Begin PBXSourcesBuildPhase section */
		9072B90129C22404001B3DF0 /* Sources */ = {
			isa = PBXSourcesBuildPhase;
			buildActionMask = 2147483647;
			files = (
				9088090029C233BE0061EF2E /* CoreDataStore.swift in Sources */,
				9017AC8F29CCBD9B00A567ED /* HomeViewModel.swift in Sources */,
				90B0A20F29D068990020604A /* LabelCell.swift in Sources */,
				9072B92329C22D2E001B3DF0 /* AppCoordinator.swift in Sources */,
				9072B91E29C22BA1001B3DF0 /* LoginViewController.swift in Sources */,
				9088090329C233D40061EF2E /* Model.xcdatamodeld in Sources */,
				9072B92529C22D39001B3DF0 /* Coordinator.swift in Sources */,
				90B0A20C29D061E70020604A /* CellModels.swift in Sources */,
				90B0A20329CF6F810020604A /* ProfileViewModel.swift in Sources */,
				90B0A20729CF76610020604A /* ProfileTableManager.swift in Sources */,
				90B0A21729D094A50020604A /* AvatarCell.swift in Sources */,
				90E3E80429C8FDAD00D4D969 /* UIColor + Extension.swift in Sources */,
				90B0A21529D08A510020604A /* WithoutArrowRightCell.swift in Sources */,
				90B0A21129D06E980020604A /* ButtonCell.swift in Sources */,
				9088095B29C62C250061EF2E /* Models.swift in Sources */,
				9088090A29C234970061EF2E /* User+CoreDataClass.swift in Sources */,
				9072B90D29C22404001B3DF0 /* SignInViewController.swift in Sources */,
				90833C1B29CB671D004D8485 /* FlashSaleCell.swift in Sources */,
				90E3E7FF29C8A46400D4D969 /* CustomTextField.swift in Sources */,
				908808FD29C232570061EF2E /* TabBarViewController.swift in Sources */,
				9088095629C61D6A0061EF2E /* NetworkService.swift in Sources */,
				9088091329C27EDB0061EF2E /* LoginViewModel.swift in Sources */,
				90B0A20129CF6EE90020604A /* ProfileViewCotroller.swift in Sources */,
				90B0A21329D07C9E0020604A /* ArrowRightCell.swift in Sources */,
				90833C1929CB42C9004D8485 /* LatestCell.swift in Sources */,
				90B0A20929CF76A00020604A /* ProfileAssembly.swift in Sources */,
				9088090D29C250A20061EF2E /* SignInViewModel.swift in Sources */,
				9088090B29C234970061EF2E /* User+CoreDataProperties.swift in Sources */,
				90833C1D29CB83F7004D8485 /* SectionHeader.swift in Sources */,
				9088096129C642BE0061EF2E /* Dynamic.swift in Sources */,
				9088094729C3A34C0061EF2E /* HomeViewController.swift in Sources */,
				9072B90929C22404001B3DF0 /* AppDelegate.swift in Sources */,
			);
			runOnlyForDeploymentPostprocessing = 0;
		};
/* End PBXSourcesBuildPhase section */

/* Begin PBXVariantGroup section */
		9072B91329C22405001B3DF0 /* LaunchScreen.storyboard */ = {
			isa = PBXVariantGroup;
			children = (
				9072B91429C22405001B3DF0 /* Base */,
			);
			name = LaunchScreen.storyboard;
			sourceTree = "<group>";
		};
/* End PBXVariantGroup section */

/* Begin XCBuildConfiguration section */
		9072B91729C22405001B3DF0 /* Debug */ = {
			isa = XCBuildConfiguration;
			buildSettings = {
				ALWAYS_SEARCH_USER_PATHS = NO;
				CLANG_ANALYZER_NONNULL = YES;
				CLANG_ANALYZER_NUMBER_OBJECT_CONVERSION = YES_AGGRESSIVE;
				CLANG_CXX_LANGUAGE_STANDARD = "gnu++20";
				CLANG_ENABLE_MODULES = YES;
				CLANG_ENABLE_OBJC_ARC = YES;
				CLANG_ENABLE_OBJC_WEAK = YES;
				CLANG_WARN_BLOCK_CAPTURE_AUTORELEASING = YES;
				CLANG_WARN_BOOL_CONVERSION = YES;
				CLANG_WARN_COMMA = YES;
				CLANG_WARN_CONSTANT_CONVERSION = YES;
				CLANG_WARN_DEPRECATED_OBJC_IMPLEMENTATIONS = YES;
				CLANG_WARN_DIRECT_OBJC_ISA_USAGE = YES_ERROR;
				CLANG_WARN_DOCUMENTATION_COMMENTS = YES;
				CLANG_WARN_EMPTY_BODY = YES;
				CLANG_WARN_ENUM_CONVERSION = YES;
				CLANG_WARN_INFINITE_RECURSION = YES;
				CLANG_WARN_INT_CONVERSION = YES;
				CLANG_WARN_NON_LITERAL_NULL_CONVERSION = YES;
				CLANG_WARN_OBJC_IMPLICIT_RETAIN_SELF = YES;
				CLANG_WARN_OBJC_LITERAL_CONVERSION = YES;
				CLANG_WARN_OBJC_ROOT_CLASS = YES_ERROR;
				CLANG_WARN_QUOTED_INCLUDE_IN_FRAMEWORK_HEADER = YES;
				CLANG_WARN_RANGE_LOOP_ANALYSIS = YES;
				CLANG_WARN_STRICT_PROTOTYPES = YES;
				CLANG_WARN_SUSPICIOUS_MOVE = YES;
				CLANG_WARN_UNGUARDED_AVAILABILITY = YES_AGGRESSIVE;
				CLANG_WARN_UNREACHABLE_CODE = YES;
				CLANG_WARN__DUPLICATE_METHOD_MATCH = YES;
				COPY_PHASE_STRIP = NO;
				DEBUG_INFORMATION_FORMAT = dwarf;
				ENABLE_STRICT_OBJC_MSGSEND = YES;
				ENABLE_TESTABILITY = YES;
				GCC_C_LANGUAGE_STANDARD = gnu11;
				GCC_DYNAMIC_NO_PIC = NO;
				GCC_NO_COMMON_BLOCKS = YES;
				GCC_OPTIMIZATION_LEVEL = 0;
				GCC_PREPROCESSOR_DEFINITIONS = (
					"DEBUG=1",
					"$(inherited)",
				);
				GCC_WARN_64_TO_32_BIT_CONVERSION = YES;
				GCC_WARN_ABOUT_RETURN_TYPE = YES_ERROR;
				GCC_WARN_UNDECLARED_SELECTOR = YES;
				GCC_WARN_UNINITIALIZED_AUTOS = YES_AGGRESSIVE;
				GCC_WARN_UNUSED_FUNCTION = YES;
				GCC_WARN_UNUSED_VARIABLE = YES;
				IPHONEOS_DEPLOYMENT_TARGET = 16.2;
				MTL_ENABLE_DEBUG_INFO = INCLUDE_SOURCE;
				MTL_FAST_MATH = YES;
				ONLY_ACTIVE_ARCH = YES;
				SDKROOT = iphoneos;
				SWIFT_ACTIVE_COMPILATION_CONDITIONS = DEBUG;
				SWIFT_OPTIMIZATION_LEVEL = "-Onone";
			};
			name = Debug;
		};
		9072B91829C22405001B3DF0 /* Release */ = {
			isa = XCBuildConfiguration;
			buildSettings = {
				ALWAYS_SEARCH_USER_PATHS = NO;
				CLANG_ANALYZER_NONNULL = YES;
				CLANG_ANALYZER_NUMBER_OBJECT_CONVERSION = YES_AGGRESSIVE;
				CLANG_CXX_LANGUAGE_STANDARD = "gnu++20";
				CLANG_ENABLE_MODULES = YES;
				CLANG_ENABLE_OBJC_ARC = YES;
				CLANG_ENABLE_OBJC_WEAK = YES;
				CLANG_WARN_BLOCK_CAPTURE_AUTORELEASING = YES;
				CLANG_WARN_BOOL_CONVERSION = YES;
				CLANG_WARN_COMMA = YES;
				CLANG_WARN_CONSTANT_CONVERSION = YES;
				CLANG_WARN_DEPRECATED_OBJC_IMPLEMENTATIONS = YES;
				CLANG_WARN_DIRECT_OBJC_ISA_USAGE = YES_ERROR;
				CLANG_WARN_DOCUMENTATION_COMMENTS = YES;
				CLANG_WARN_EMPTY_BODY = YES;
				CLANG_WARN_ENUM_CONVERSION = YES;
				CLANG_WARN_INFINITE_RECURSION = YES;
				CLANG_WARN_INT_CONVERSION = YES;
				CLANG_WARN_NON_LITERAL_NULL_CONVERSION = YES;
				CLANG_WARN_OBJC_IMPLICIT_RETAIN_SELF = YES;
				CLANG_WARN_OBJC_LITERAL_CONVERSION = YES;
				CLANG_WARN_OBJC_ROOT_CLASS = YES_ERROR;
				CLANG_WARN_QUOTED_INCLUDE_IN_FRAMEWORK_HEADER = YES;
				CLANG_WARN_RANGE_LOOP_ANALYSIS = YES;
				CLANG_WARN_STRICT_PROTOTYPES = YES;
				CLANG_WARN_SUSPICIOUS_MOVE = YES;
				CLANG_WARN_UNGUARDED_AVAILABILITY = YES_AGGRESSIVE;
				CLANG_WARN_UNREACHABLE_CODE = YES;
				CLANG_WARN__DUPLICATE_METHOD_MATCH = YES;
				COPY_PHASE_STRIP = NO;
				DEBUG_INFORMATION_FORMAT = "dwarf-with-dsym";
				ENABLE_NS_ASSERTIONS = NO;
				ENABLE_STRICT_OBJC_MSGSEND = YES;
				GCC_C_LANGUAGE_STANDARD = gnu11;
				GCC_NO_COMMON_BLOCKS = YES;
				GCC_WARN_64_TO_32_BIT_CONVERSION = YES;
				GCC_WARN_ABOUT_RETURN_TYPE = YES_ERROR;
				GCC_WARN_UNDECLARED_SELECTOR = YES;
				GCC_WARN_UNINITIALIZED_AUTOS = YES_AGGRESSIVE;
				GCC_WARN_UNUSED_FUNCTION = YES;
				GCC_WARN_UNUSED_VARIABLE = YES;
				IPHONEOS_DEPLOYMENT_TARGET = 16.2;
				MTL_ENABLE_DEBUG_INFO = NO;
				MTL_FAST_MATH = YES;
				SDKROOT = iphoneos;
				SWIFT_COMPILATION_MODE = wholemodule;
				SWIFT_OPTIMIZATION_LEVEL = "-O";
				VALIDATE_PRODUCT = YES;
			};
			name = Release;
		};
		9072B91A29C22405001B3DF0 /* Debug */ = {
			isa = XCBuildConfiguration;
			buildSettings = {
				ASSETCATALOG_COMPILER_APPICON_NAME = AppIcon;
				ASSETCATALOG_COMPILER_GLOBAL_ACCENT_COLOR_NAME = AccentColor;
				CODE_SIGN_STYLE = Automatic;
				CURRENT_PROJECT_VERSION = 1;
				DEVELOPMENT_TEAM = A3JHD7MWF8;
				GENERATE_INFOPLIST_FILE = YES;
				INFOPLIST_FILE = EM_TZ/Resources/Info.plist;
				INFOPLIST_KEY_UIApplicationSupportsIndirectInputEvents = YES;
				INFOPLIST_KEY_UILaunchStoryboardName = LaunchScreen;
				INFOPLIST_KEY_UISupportedInterfaceOrientations = UIInterfaceOrientationPortrait;
				INFOPLIST_KEY_UISupportedInterfaceOrientations_iPad = "UIInterfaceOrientationLandscapeLeft UIInterfaceOrientationLandscapeRight UIInterfaceOrientationPortrait UIInterfaceOrientationPortraitUpsideDown";
				LD_RUNPATH_SEARCH_PATHS = (
					"$(inherited)",
					"@executable_path/Frameworks",
				);
				MARKETING_VERSION = 1.0;
				PRODUCT_BUNDLE_IDENTIFIER = "PavelKrivtsov.EM-TZ";
				PRODUCT_NAME = "$(TARGET_NAME)";
				SUPPORTED_PLATFORMS = "iphoneos iphonesimulator";
				SUPPORTS_MACCATALYST = NO;
				SUPPORTS_MAC_DESIGNED_FOR_IPHONE_IPAD = YES;
				SWIFT_EMIT_LOC_STRINGS = YES;
				SWIFT_VERSION = 5.0;
				TARGETED_DEVICE_FAMILY = 1;
			};
			name = Debug;
		};
		9072B91B29C22405001B3DF0 /* Release */ = {
			isa = XCBuildConfiguration;
			buildSettings = {
				ASSETCATALOG_COMPILER_APPICON_NAME = AppIcon;
				ASSETCATALOG_COMPILER_GLOBAL_ACCENT_COLOR_NAME = AccentColor;
				CODE_SIGN_STYLE = Automatic;
				CURRENT_PROJECT_VERSION = 1;
				DEVELOPMENT_TEAM = A3JHD7MWF8;
				GENERATE_INFOPLIST_FILE = YES;
				INFOPLIST_FILE = EM_TZ/Resources/Info.plist;
				INFOPLIST_KEY_UIApplicationSupportsIndirectInputEvents = YES;
				INFOPLIST_KEY_UILaunchStoryboardName = LaunchScreen;
				INFOPLIST_KEY_UISupportedInterfaceOrientations = UIInterfaceOrientationPortrait;
				INFOPLIST_KEY_UISupportedInterfaceOrientations_iPad = "UIInterfaceOrientationLandscapeLeft UIInterfaceOrientationLandscapeRight UIInterfaceOrientationPortrait UIInterfaceOrientationPortraitUpsideDown";
				LD_RUNPATH_SEARCH_PATHS = (
					"$(inherited)",
					"@executable_path/Frameworks",
				);
				MARKETING_VERSION = 1.0;
				PRODUCT_BUNDLE_IDENTIFIER = "PavelKrivtsov.EM-TZ";
				PRODUCT_NAME = "$(TARGET_NAME)";
				SUPPORTED_PLATFORMS = "iphoneos iphonesimulator";
				SUPPORTS_MACCATALYST = NO;
				SUPPORTS_MAC_DESIGNED_FOR_IPHONE_IPAD = YES;
				SWIFT_EMIT_LOC_STRINGS = YES;
				SWIFT_VERSION = 5.0;
				TARGETED_DEVICE_FAMILY = 1;
			};
			name = Release;
		};
/* End XCBuildConfiguration section */

/* Begin XCConfigurationList section */
		9072B90029C22404001B3DF0 /* Build configuration list for PBXProject "EM_TZ" */ = {
			isa = XCConfigurationList;
			buildConfigurations = (
				9072B91729C22405001B3DF0 /* Debug */,
				9072B91829C22405001B3DF0 /* Release */,
			);
			defaultConfigurationIsVisible = 0;
			defaultConfigurationName = Release;
		};
		9072B91929C22405001B3DF0 /* Build configuration list for PBXNativeTarget "EM_TZ" */ = {
			isa = XCConfigurationList;
			buildConfigurations = (
				9072B91A29C22405001B3DF0 /* Debug */,
				9072B91B29C22405001B3DF0 /* Release */,
			);
			defaultConfigurationIsVisible = 0;
			defaultConfigurationName = Release;
		};
/* End XCConfigurationList section */

/* Begin XCRemoteSwiftPackageReference section */
		9088096229C64E900061EF2E /* XCRemoteSwiftPackageReference "SnapKit" */ = {
			isa = XCRemoteSwiftPackageReference;
			repositoryURL = "https://github.com/SnapKit/SnapKit.git";
			requirement = {
				branch = develop;
				kind = branch;
			};
		};
		90B0A1FD29CE2FA80020604A /* XCRemoteSwiftPackageReference "Kingfisher" */ = {
			isa = XCRemoteSwiftPackageReference;
			repositoryURL = "https://github.com/onevcat/Kingfisher";
			requirement = {
				kind = upToNextMajorVersion;
				minimumVersion = 7.0.0;
			};
		};
/* End XCRemoteSwiftPackageReference section */

/* Begin XCSwiftPackageProductDependency section */
		9088096329C64E900061EF2E /* SnapKit */ = {
			isa = XCSwiftPackageProductDependency;
			package = 9088096229C64E900061EF2E /* XCRemoteSwiftPackageReference "SnapKit" */;
			productName = SnapKit;
		};
		90B0A1FE29CE2FA80020604A /* Kingfisher */ = {
			isa = XCSwiftPackageProductDependency;
			package = 90B0A1FD29CE2FA80020604A /* XCRemoteSwiftPackageReference "Kingfisher" */;
			productName = Kingfisher;
		};
/* End XCSwiftPackageProductDependency section */

/* Begin XCVersionGroup section */
		9088090129C233D40061EF2E /* Model.xcdatamodeld */ = {
			isa = XCVersionGroup;
			children = (
				9088090229C233D40061EF2E /* Model.xcdatamodel */,
			);
			currentVersion = 9088090229C233D40061EF2E /* Model.xcdatamodel */;
			path = Model.xcdatamodeld;
			sourceTree = "<group>";
			versionGroupType = wrapper.xcdatamodel;
		};
/* End XCVersionGroup section */
	};
	rootObject = 9072B8FD29C22404001B3DF0 /* Project object */;
}
